
Microsoft Visual Studio Solution File, Format Version 12.00
# Visual Studio Version 17
VisualStudioVersion = 17.10.35013.160
MinimumVisualStudioVersion = 10.0.40219.1
Project("{FAE04EC0-301F-11D3-BF4B-00C04F79EFBC}") = "DrinkMachine", "DrinkMachine\DrinkMachine.csproj", "{B9F26366-98AD-4E2E-9E3D-E5DD0ADC8467}"
EndProject
Global
	GlobalSection(SolutionConfigurationPlatforms) = preSolution
		Debug|Any CPU = Debug|Any CPU
		Release|Any CPU = Release|Any CPU
	EndGlobalSection
	GlobalSection(ProjectConfigurationPlatforms) = postSolution
		{B9F26366-98AD-4E2E-9E3D-E5DD0ADC8467}.Debug|Any CPU.ActiveCfg = Debug|Any CPU
		{B9F26366-98AD-4E2E-9E3D-E5DD0ADC8467}.Debug|Any CPU.Build.0 = Debug|Any CPU
		{B9F26366-98AD-4E2E-9E3D-E5DD0ADC8467}.Release|Any CPU.ActiveCfg = Release|Any CPU
		{B9F26366-98AD-4E2E-9E3D-E5DD0ADC8467}.Release|Any CPU.Build.0 = Release|Any CPU
	EndGlobalSection
	GlobalSection(SolutionProperties) = preSolution
		HideSolutionNode = FALSE
	EndGlobalSection
	GlobalSection(ExtensibilityGlobals) = postSolution
		SolutionGuid = {C7AE3A84-8AFC-443D-85C2-377C1ADD4631}
	EndGlobalSection
EndGlobal
